{
  "nodes": {
    "flakes": {
      "locked": {
        "lastModified": 1702774794,
        "narHash": "sha256-Hwwx9/PhgUotYLRf0+U7LaD6qWjjcjEbZrvOd7be7qI=",
        "owner": "deemp",
        "repo": "flakes",
        "rev": "adebe144d9d0111f68b7bffcdcebbc069af7eb59",
        "type": "github"
      },
      "original": {
        "owner": "deemp",
        "repo": "flakes",
        "type": "github"
      }
    },
    "root": {
      "inputs": {
        "flakes": "flakes"
      }
    }
  },
  "root": "root",
  "version": 7
}
