{
  "nodes": {
    "flakes": {
      "locked": {
        "lastModified": 1705798839,
        "narHash": "sha256-T/RpCxOrfOz473se5hiun5Bec+Jq7pXi6Y3N2d0twqQ=",
        "owner": "deemp",
        "repo": "flakes",
        "rev": "f795feecedd3ce8b484111cb70885bf1e72d69db",
        "type": "github"
      },
      "original": {
        "owner": "deemp",
        "repo": "flakes",
        "type": "github"
      }
    },
    "root": {
      "inputs": {
        "flakes": "flakes"
      }
    }
  },
  "root": "root",
  "version": 7
}
