{
  "nodes": {
    "flakes": {
      "locked": {
        "lastModified": 1704589266,
        "narHash": "sha256-iuqS9ieLQYcTIKT7GHrqBf89yNU6rdYp+ge08ww5zC0=",
        "owner": "deemp",
        "repo": "flakes",
        "rev": "dcb6e49b7c7df2dd381d204a9316572d7087c373",
        "type": "github"
      },
      "original": {
        "owner": "deemp",
        "repo": "flakes",
        "type": "github"
      }
    },
    "root": {
      "inputs": {
        "flakes": "flakes"
      }
    }
  },
  "root": "root",
  "version": 7
}
